
Microsoft Visual Studio Solution File, Format Version 12.00
# Visual Studio 15
VisualStudioVersion = 15.0.26124.0
MinimumVisualStudioVersion = 15.0.26124.0
Project("{FAE04EC0-301F-11D3-BF4B-00C04F79EFBC}") = "Domain", "Domain\Domain.csproj", "{AC912C7A-AB9B-46EB-BA30-C9D1090BB072}"
EndProject
Project("{FAE04EC0-301F-11D3-BF4B-00C04F79EFBC}") = "Application", "Application\Application.csproj", "{A6239B31-7A44-49BF-B8DB-06F89346DA41}"
EndProject
Project("{FAE04EC0-301F-11D3-BF4B-00C04F79EFBC}") = "Persistence", "Persistence\Persistence.csproj", "{E994134D-A420-4CAB-A05F-B2AB993D7A67}"
EndProject
Project("{FAE04EC0-301F-11D3-BF4B-00C04F79EFBC}") = "API", "API\API.csproj", "{6701CB3E-686E-4090-A540-EF728B3D9FD4}"
EndProject
Global
	GlobalSection(SolutionConfigurationPlatforms) = preSolution
		Debug|Any CPU = Debug|Any CPU
		Debug|x64 = Debug|x64
		Debug|x86 = Debug|x86
		Release|Any CPU = Release|Any CPU
		Release|x64 = Release|x64
		Release|x86 = Release|x86
	EndGlobalSection
	GlobalSection(SolutionProperties) = preSolution
		HideSolutionNode = FALSE
	EndGlobalSection
	GlobalSection(ProjectConfigurationPlatforms) = postSolution
		{AC912C7A-AB9B-46EB-BA30-C9D1090BB072}.Debug|Any CPU.ActiveCfg = Debug|Any CPU
		{AC912C7A-AB9B-46EB-BA30-C9D1090BB072}.Debug|Any CPU.Build.0 = Debug|Any CPU
		{AC912C7A-AB9B-46EB-BA30-C9D1090BB072}.Debug|x64.ActiveCfg = Debug|Any CPU
		{AC912C7A-AB9B-46EB-BA30-C9D1090BB072}.Debug|x64.Build.0 = Debug|Any CPU
		{AC912C7A-AB9B-46EB-BA30-C9D1090BB072}.Debug|x86.ActiveCfg = Debug|Any CPU
		{AC912C7A-AB9B-46EB-BA30-C9D1090BB072}.Debug|x86.Build.0 = Debug|Any CPU
		{AC912C7A-AB9B-46EB-BA30-C9D1090BB072}.Release|Any CPU.ActiveCfg = Release|Any CPU
		{AC912C7A-AB9B-46EB-BA30-C9D1090BB072}.Release|Any CPU.Build.0 = Release|Any CPU
		{AC912C7A-AB9B-46EB-BA30-C9D1090BB072}.Release|x64.ActiveCfg = Release|Any CPU
		{AC912C7A-AB9B-46EB-BA30-C9D1090BB072}.Release|x64.Build.0 = Release|Any CPU
		{AC912C7A-AB9B-46EB-BA30-C9D1090BB072}.Release|x86.ActiveCfg = Release|Any CPU
		{AC912C7A-AB9B-46EB-BA30-C9D1090BB072}.Release|x86.Build.0 = Release|Any CPU
		{A6239B31-7A44-49BF-B8DB-06F89346DA41}.Debug|Any CPU.ActiveCfg = Debug|Any CPU
		{A6239B31-7A44-49BF-B8DB-06F89346DA41}.Debug|Any CPU.Build.0 = Debug|Any CPU
		{A6239B31-7A44-49BF-B8DB-06F89346DA41}.Debug|x64.ActiveCfg = Debug|Any CPU
		{A6239B31-7A44-49BF-B8DB-06F89346DA41}.Debug|x64.Build.0 = Debug|Any CPU
		{A6239B31-7A44-49BF-B8DB-06F89346DA41}.Debug|x86.ActiveCfg = Debug|Any CPU
		{A6239B31-7A44-49BF-B8DB-06F89346DA41}.Debug|x86.Build.0 = Debug|Any CPU
		{A6239B31-7A44-49BF-B8DB-06F89346DA41}.Release|Any CPU.ActiveCfg = Release|Any CPU
		{A6239B31-7A44-49BF-B8DB-06F89346DA41}.Release|Any CPU.Build.0 = Release|Any CPU
		{A6239B31-7A44-49BF-B8DB-06F89346DA41}.Release|x64.ActiveCfg = Release|Any CPU
		{A6239B31-7A44-49BF-B8DB-06F89346DA41}.Release|x64.Build.0 = Release|Any CPU
		{A6239B31-7A44-49BF-B8DB-06F89346DA41}.Release|x86.ActiveCfg = Release|Any CPU
		{A6239B31-7A44-49BF-B8DB-06F89346DA41}.Release|x86.Build.0 = Release|Any CPU
		{E994134D-A420-4CAB-A05F-B2AB993D7A67}.Debug|Any CPU.ActiveCfg = Debug|Any CPU
		{E994134D-A420-4CAB-A05F-B2AB993D7A67}.Debug|Any CPU.Build.0 = Debug|Any CPU
		{E994134D-A420-4CAB-A05F-B2AB993D7A67}.Debug|x64.ActiveCfg = Debug|Any CPU
		{E994134D-A420-4CAB-A05F-B2AB993D7A67}.Debug|x64.Build.0 = Debug|Any CPU
		{E994134D-A420-4CAB-A05F-B2AB993D7A67}.Debug|x86.ActiveCfg = Debug|Any CPU
		{E994134D-A420-4CAB-A05F-B2AB993D7A67}.Debug|x86.Build.0 = Debug|Any CPU
		{E994134D-A420-4CAB-A05F-B2AB993D7A67}.Release|Any CPU.ActiveCfg = Release|Any CPU
		{E994134D-A420-4CAB-A05F-B2AB993D7A67}.Release|Any CPU.Build.0 = Release|Any CPU
		{E994134D-A420-4CAB-A05F-B2AB993D7A67}.Release|x64.ActiveCfg = Release|Any CPU
		{E994134D-A420-4CAB-A05F-B2AB993D7A67}.Release|x64.Build.0 = Release|Any CPU
		{E994134D-A420-4CAB-A05F-B2AB993D7A67}.Release|x86.ActiveCfg = Release|Any CPU
		{E994134D-A420-4CAB-A05F-B2AB993D7A67}.Release|x86.Build.0 = Release|Any CPU
		{6701CB3E-686E-4090-A540-EF728B3D9FD4}.Debug|Any CPU.ActiveCfg = Debug|Any CPU
		{6701CB3E-686E-4090-A540-EF728B3D9FD4}.Debug|Any CPU.Build.0 = Debug|Any CPU
		{6701CB3E-686E-4090-A540-EF728B3D9FD4}.Debug|x64.ActiveCfg = Debug|Any CPU
		{6701CB3E-686E-4090-A540-EF728B3D9FD4}.Debug|x64.Build.0 = Debug|Any CPU
		{6701CB3E-686E-4090-A540-EF728B3D9FD4}.Debug|x86.ActiveCfg = Debug|Any CPU
		{6701CB3E-686E-4090-A540-EF728B3D9FD4}.Debug|x86.Build.0 = Debug|Any CPU
		{6701CB3E-686E-4090-A540-EF728B3D9FD4}.Release|Any CPU.ActiveCfg = Release|Any CPU
		{6701CB3E-686E-4090-A540-EF728B3D9FD4}.Release|Any CPU.Build.0 = Release|Any CPU
		{6701CB3E-686E-4090-A540-EF728B3D9FD4}.Release|x64.ActiveCfg = Release|Any CPU
		{6701CB3E-686E-4090-A540-EF728B3D9FD4}.Release|x64.Build.0 = Release|Any CPU
		{6701CB3E-686E-4090-A540-EF728B3D9FD4}.Release|x86.ActiveCfg = Release|Any CPU
		{6701CB3E-686E-4090-A540-EF728B3D9FD4}.Release|x86.Build.0 = Release|Any CPU
	EndGlobalSection
EndGlobal
